// !$*UTF8*$!
{
	archiveVersion = 1;
	classes = {
	};
	objectVersion = 46;
	objects = {

/* Begin PBXBuildFile section */
		0D3E48801BDFD4E800809A4D /* FavoriteTableViewCell.swift in Sources */ = {isa = PBXBuildFile; fileRef = 0D3E487F1BDFD4E800809A4D /* FavoriteTableViewCell.swift */; };
		0D3E48A41BE01E6200809A4D /* ConfigParam.swift in Sources */ = {isa = PBXBuildFile; fileRef = 0D3E48A31BE01E6200809A4D /* ConfigParam.swift */; };
		0D3E48A61BE02B0600809A4D /* MainSettingTableViewController.swift in Sources */ = {isa = PBXBuildFile; fileRef = 0D3E48A51BE02B0600809A4D /* MainSettingTableViewController.swift */; };
		0D3E48AC1BE2A26800809A4D /* mainViewControllerViewCell.swift in Sources */ = {isa = PBXBuildFile; fileRef = 0D3E48AB1BE2A26800809A4D /* mainViewControllerViewCell.swift */; };
		0D5996F71BD9801000A4F5FB /* BoySettingCollectionViewController.swift in Sources */ = {isa = PBXBuildFile; fileRef = 0D5996F61BD9801000A4F5FB /* BoySettingCollectionViewController.swift */; };
		0D5996F91BD9807000A4F5FB /* BoySettingCollectionViewCell.swift in Sources */ = {isa = PBXBuildFile; fileRef = 0D5996F81BD9807000A4F5FB /* BoySettingCollectionViewCell.swift */; };
		0D5996FB1BDAC27F00A4F5FB /* AVFoundation.framework in Frameworks */ = {isa = PBXBuildFile; fileRef = 0D5996FA1BDAC27F00A4F5FB /* AVFoundation.framework */; };
		0D5997011BDAC88E00A4F5FB /* VoiceControl.swift in Sources */ = {isa = PBXBuildFile; fileRef = 0D5997001BDAC88E00A4F5FB /* VoiceControl.swift */; };
		0D65DB571BD6B80800BF6102 /* AppDelegate.swift in Sources */ = {isa = PBXBuildFile; fileRef = 0D65DB561BD6B80800BF6102 /* AppDelegate.swift */; };
		0D65DB591BD6B80800BF6102 /* ConfirmViewController.swift in Sources */ = {isa = PBXBuildFile; fileRef = 0D65DB581BD6B80800BF6102 /* ConfirmViewController.swift */; };
		0D65DB5C1BD6B80800BF6102 /* Main.storyboard in Resources */ = {isa = PBXBuildFile; fileRef = 0D65DB5A1BD6B80800BF6102 /* Main.storyboard */; };
		0D65DB5F1BD6B80800BF6102 /* Project_S.xcdatamodeld in Sources */ = {isa = PBXBuildFile; fileRef = 0D65DB5D1BD6B80800BF6102 /* Project_S.xcdatamodeld */; };
		0D65DB611BD6B80800BF6102 /* Assets.xcassets in Resources */ = {isa = PBXBuildFile; fileRef = 0D65DB601BD6B80800BF6102 /* Assets.xcassets */; };
		0D65DB641BD6B80800BF6102 /* LaunchScreen.storyboard in Resources */ = {isa = PBXBuildFile; fileRef = 0D65DB621BD6B80800BF6102 /* LaunchScreen.storyboard */; };
		0D65DB6C1BD6C63700BF6102 /* mario1.png in Resources */ = {isa = PBXBuildFile; fileRef = 0D65DB6B1BD6C63700BF6102 /* mario1.png */; };
		0D65DB721BD6CCCA00BF6102 /* mario2.png in Resources */ = {isa = PBXBuildFile; fileRef = 0D65DB6F1BD6CCCA00BF6102 /* mario2.png */; };
		0D65DB731BD6CCCA00BF6102 /* mario3.png in Resources */ = {isa = PBXBuildFile; fileRef = 0D65DB701BD6CCCA00BF6102 /* mario3.png */; };
		0D65DB741BD6CCCA00BF6102 /* mario4.png in Resources */ = {isa = PBXBuildFile; fileRef = 0D65DB711BD6CCCA00BF6102 /* mario4.png */; };
		0D65DB771BD6CD7A00BF6102 /* blue.png in Resources */ = {isa = PBXBuildFile; fileRef = 0D65DB751BD6CD7A00BF6102 /* blue.png */; };
		0D65DB781BD6CD7A00BF6102 /* green.png in Resources */ = {isa = PBXBuildFile; fileRef = 0D65DB761BD6CD7A00BF6102 /* green.png */; };
		0D65DB7A1BD6CDF000BF6102 /* red.png in Resources */ = {isa = PBXBuildFile; fileRef = 0D65DB791BD6CDF000BF6102 /* red.png */; };
		0D65DB7C1BD6CE6F00BF6102 /* LanguageSwitchViewController.swift in Sources */ = {isa = PBXBuildFile; fileRef = 0D65DB7B1BD6CE6F00BF6102 /* LanguageSwitchViewController.swift */; };
		0D65DB7E1BD6D86600BF6102 /* SettingsViewController.swift in Sources */ = {isa = PBXBuildFile; fileRef = 0D65DB7D1BD6D86600BF6102 /* SettingsViewController.swift */; };
		0D65DB801BD6DDEF00BF6102 /* mainViewController.swift in Sources */ = {isa = PBXBuildFile; fileRef = 0D65DB7F1BD6DDEF00BF6102 /* mainViewController.swift */; };
		0D65DB821BD6EB9100BF6102 /* FavouriteViewController.swift in Sources */ = {isa = PBXBuildFile; fileRef = 0D65DB811BD6EB9100BF6102 /* FavouriteViewController.swift */; };
		0D65DBA71BD8181D00BF6102 /* DataLoading.swift in Sources */ = {isa = PBXBuildFile; fileRef = 0D65DBA61BD8181D00BF6102 /* DataLoading.swift */; };
		0D65DBAB1BD9329700BF6102 /* DataFetching.swift in Sources */ = {isa = PBXBuildFile; fileRef = 0D65DBAA1BD9329700BF6102 /* DataFetching.swift */; };
/* End PBXBuildFile section */

/* Begin PBXFileReference section */
		0D3E487F1BDFD4E800809A4D /* FavoriteTableViewCell.swift */ = {isa = PBXFileReference; fileEncoding = 4; lastKnownFileType = sourcecode.swift; path = FavoriteTableViewCell.swift; sourceTree = "<group>"; };
		0D3E48A31BE01E6200809A4D /* ConfigParam.swift */ = {isa = PBXFileReference; fileEncoding = 4; lastKnownFileType = sourcecode.swift; path = ConfigParam.swift; sourceTree = "<group>"; };
		0D3E48A51BE02B0600809A4D /* MainSettingTableViewController.swift */ = {isa = PBXFileReference; fileEncoding = 4; lastKnownFileType = sourcecode.swift; path = MainSettingTableViewController.swift; sourceTree = "<group>"; };
		0D3E48AB1BE2A26800809A4D /* mainViewControllerViewCell.swift */ = {isa = PBXFileReference; fileEncoding = 4; lastKnownFileType = sourcecode.swift; path = mainViewControllerViewCell.swift; sourceTree = "<group>"; };
		0D5996F61BD9801000A4F5FB /* BoySettingCollectionViewController.swift */ = {isa = PBXFileReference; fileEncoding = 4; lastKnownFileType = sourcecode.swift; path = BoySettingCollectionViewController.swift; sourceTree = "<group>"; };
		0D5996F81BD9807000A4F5FB /* BoySettingCollectionViewCell.swift */ = {isa = PBXFileReference; fileEncoding = 4; lastKnownFileType = sourcecode.swift; path = BoySettingCollectionViewCell.swift; sourceTree = "<group>"; };
		0D5996FA1BDAC27F00A4F5FB /* AVFoundation.framework */ = {isa = PBXFileReference; lastKnownFileType = wrapper.framework; name = AVFoundation.framework; path = System/Library/Frameworks/AVFoundation.framework; sourceTree = SDKROOT; };
		0D5997001BDAC88E00A4F5FB /* VoiceControl.swift */ = {isa = PBXFileReference; fileEncoding = 4; lastKnownFileType = sourcecode.swift; path = VoiceControl.swift; sourceTree = "<group>"; };
		0D65DB531BD6B80800BF6102 /* Project_S.app */ = {isa = PBXFileReference; explicitFileType = wrapper.application; includeInIndex = 0; path = Project_S.app; sourceTree = BUILT_PRODUCTS_DIR; };
		0D65DB561BD6B80800BF6102 /* AppDelegate.swift */ = {isa = PBXFileReference; lastKnownFileType = sourcecode.swift; path = AppDelegate.swift; sourceTree = "<group>"; };
		0D65DB581BD6B80800BF6102 /* ConfirmViewController.swift */ = {isa = PBXFileReference; lastKnownFileType = sourcecode.swift; path = ConfirmViewController.swift; sourceTree = "<group>"; };
		0D65DB5B1BD6B80800BF6102 /* Base */ = {isa = PBXFileReference; lastKnownFileType = file.storyboard; name = Base; path = Base.lproj/Main.storyboard; sourceTree = "<group>"; };
		0D65DB5E1BD6B80800BF6102 /* Project_S.xcdatamodel */ = {isa = PBXFileReference; lastKnownFileType = wrapper.xcdatamodel; path = Project_S.xcdatamodel; sourceTree = "<group>"; };
		0D65DB601BD6B80800BF6102 /* Assets.xcassets */ = {isa = PBXFileReference; lastKnownFileType = folder.assetcatalog; path = Assets.xcassets; sourceTree = "<group>"; };
		0D65DB631BD6B80800BF6102 /* Base */ = {isa = PBXFileReference; lastKnownFileType = file.storyboard; name = Base; path = Base.lproj/LaunchScreen.storyboard; sourceTree = "<group>"; };
		0D65DB651BD6B80800BF6102 /* Info.plist */ = {isa = PBXFileReference; lastKnownFileType = text.plist.xml; path = Info.plist; sourceTree = "<group>"; };
		0D65DB6B1BD6C63700BF6102 /* mario1.png */ = {isa = PBXFileReference; lastKnownFileType = image.png; path = mario1.png; sourceTree = "<group>"; };
		0D65DB6F1BD6CCCA00BF6102 /* mario2.png */ = {isa = PBXFileReference; lastKnownFileType = image.png; path = mario2.png; sourceTree = "<group>"; };
		0D65DB701BD6CCCA00BF6102 /* mario3.png */ = {isa = PBXFileReference; lastKnownFileType = image.png; path = mario3.png; sourceTree = "<group>"; };
		0D65DB711BD6CCCA00BF6102 /* mario4.png */ = {isa = PBXFileReference; lastKnownFileType = image.png; path = mario4.png; sourceTree = "<group>"; };
		0D65DB751BD6CD7A00BF6102 /* blue.png */ = {isa = PBXFileReference; lastKnownFileType = image.png; path = blue.png; sourceTree = "<group>"; };
		0D65DB761BD6CD7A00BF6102 /* green.png */ = {isa = PBXFileReference; lastKnownFileType = image.png; path = green.png; sourceTree = "<group>"; };
		0D65DB791BD6CDF000BF6102 /* red.png */ = {isa = PBXFileReference; lastKnownFileType = image.png; path = red.png; sourceTree = "<group>"; };
		0D65DB7B1BD6CE6F00BF6102 /* LanguageSwitchViewController.swift */ = {isa = PBXFileReference; fileEncoding = 4; lastKnownFileType = sourcecode.swift; path = LanguageSwitchViewController.swift; sourceTree = "<group>"; };
		0D65DB7D1BD6D86600BF6102 /* SettingsViewController.swift */ = {isa = PBXFileReference; fileEncoding = 4; lastKnownFileType = sourcecode.swift; path = SettingsViewController.swift; sourceTree = "<group>"; };
		0D65DB7F1BD6DDEF00BF6102 /* mainViewController.swift */ = {isa = PBXFileReference; fileEncoding = 4; lastKnownFileType = sourcecode.swift; path = mainViewController.swift; sourceTree = "<group>"; };
		0D65DB811BD6EB9100BF6102 /* FavouriteViewController.swift */ = {isa = PBXFileReference; fileEncoding = 4; lastKnownFileType = sourcecode.swift; path = FavouriteViewController.swift; sourceTree = "<group>"; };
		0D65DBA61BD8181D00BF6102 /* DataLoading.swift */ = {isa = PBXFileReference; fileEncoding = 4; lastKnownFileType = sourcecode.swift; path = DataLoading.swift; sourceTree = "<group>"; };
		0D65DBAA1BD9329700BF6102 /* DataFetching.swift */ = {isa = PBXFileReference; fileEncoding = 4; lastKnownFileType = sourcecode.swift; path = DataFetching.swift; sourceTree = "<group>"; };
/* End PBXFileReference section */

/* Begin PBXFrameworksBuildPhase section */
		0D65DB501BD6B80800BF6102 /* Frameworks */ = {
			isa = PBXFrameworksBuildPhase;
			buildActionMask = 2147483647;
			files = (
				0D5996FB1BDAC27F00A4F5FB /* AVFoundation.framework in Frameworks */,
			);
			runOnlyForDeploymentPostprocessing = 0;
		};
/* End PBXFrameworksBuildPhase section */

/* Begin PBXGroup section */
		0D65DB4A1BD6B80800BF6102 = {
			isa = PBXGroup;
			children = (
				0D5996FA1BDAC27F00A4F5FB /* AVFoundation.framework */,
				0D65DB551BD6B80800BF6102 /* Project_S */,
				0D65DB541BD6B80800BF6102 /* Products */,
			);
			sourceTree = "<group>";
		};
		0D65DB541BD6B80800BF6102 /* Products */ = {
			isa = PBXGroup;
			children = (
				0D65DB531BD6B80800BF6102 /* Project_S.app */,
			);
			name = Products;
			sourceTree = "<group>";
		};
		0D65DB551BD6B80800BF6102 /* Project_S */ = {
			isa = PBXGroup;
			children = (
				0D65DB6E1BD6C69900BF6102 /* Models */,
				0D65DB6D1BD6C68C00BF6102 /* Controllers */,
				0D65DB561BD6B80800BF6102 /* AppDelegate.swift */,
				0D65DB5A1BD6B80800BF6102 /* Main.storyboard */,
				0D65DB601BD6B80800BF6102 /* Assets.xcassets */,
				0D65DB791BD6CDF000BF6102 /* red.png */,
				0D65DB751BD6CD7A00BF6102 /* blue.png */,
				0D65DB761BD6CD7A00BF6102 /* green.png */,
				0D65DB6B1BD6C63700BF6102 /* mario1.png */,
				0D65DB6F1BD6CCCA00BF6102 /* mario2.png */,
				0D65DB701BD6CCCA00BF6102 /* mario3.png */,
				0D65DB711BD6CCCA00BF6102 /* mario4.png */,
				0D65DB621BD6B80800BF6102 /* LaunchScreen.storyboard */,
				0D65DB651BD6B80800BF6102 /* Info.plist */,
				0D65DB5D1BD6B80800BF6102 /* Project_S.xcdatamodeld */,
			);
			path = Project_S;
			sourceTree = "<group>";
		};
		0D65DB6D1BD6C68C00BF6102 /* Controllers */ = {
			isa = PBXGroup;
			children = (
				0D65DB581BD6B80800BF6102 /* ConfirmViewController.swift */,
				0D65DB7B1BD6CE6F00BF6102 /* LanguageSwitchViewController.swift */,
				0D65DB7D1BD6D86600BF6102 /* SettingsViewController.swift */,
				0D65DB7F1BD6DDEF00BF6102 /* mainViewController.swift */,
				0D65DB811BD6EB9100BF6102 /* FavouriteViewController.swift */,
				0D3E487F1BDFD4E800809A4D /* FavoriteTableViewCell.swift */,
				0D5996F61BD9801000A4F5FB /* BoySettingCollectionViewController.swift */,
				0D5996F81BD9807000A4F5FB /* BoySettingCollectionViewCell.swift */,
				0D3E48A51BE02B0600809A4D /* MainSettingTableViewController.swift */,
				0D3E48AB1BE2A26800809A4D /* mainViewControllerViewCell.swift */,
			);
			name = Controllers;
			sourceTree = "<group>";
		};
		0D65DB6E1BD6C69900BF6102 /* Models */ = {
			isa = PBXGroup;
			children = (
				0D65DBA61BD8181D00BF6102 /* DataLoading.swift */,
				0D65DBAA1BD9329700BF6102 /* DataFetching.swift */,
				0D5997001BDAC88E00A4F5FB /* VoiceControl.swift */,
				0D3E48A31BE01E6200809A4D /* ConfigParam.swift */,
			);
			name = Models;
			sourceTree = "<group>";
		};
/* End PBXGroup section */

/* Begin PBXNativeTarget section */
		0D65DB521BD6B80800BF6102 /* Project_S */ = {
			isa = PBXNativeTarget;
			buildConfigurationList = 0D65DB681BD6B80800BF6102 /* Build configuration list for PBXNativeTarget "Project_S" */;
			buildPhases = (
				0D65DB4F1BD6B80800BF6102 /* Sources */,
				0D65DB501BD6B80800BF6102 /* Frameworks */,
				0D65DB511BD6B80800BF6102 /* Resources */,
			);
			buildRules = (
			);
			dependencies = (
			);
			name = Project_S;
			productName = Project_S;
			productReference = 0D65DB531BD6B80800BF6102 /* Project_S.app */;
			productType = "com.apple.product-type.application";
		};
/* End PBXNativeTarget section */

/* Begin PBXProject section */
		0D65DB4B1BD6B80800BF6102 /* Project object */ = {
			isa = PBXProject;
			attributes = {
				LastUpgradeCheck = 0700;
				ORGANIZATIONNAME = "Yuchao Chen";
				TargetAttributes = {
					0D65DB521BD6B80800BF6102 = {
						CreatedOnToolsVersion = 7.0.1;
					};
				};
			};
			buildConfigurationList = 0D65DB4E1BD6B80800BF6102 /* Build configuration list for PBXProject "Project_S" */;
			compatibilityVersion = "Xcode 3.2";
			developmentRegion = English;
			hasScannedForEncodings = 0;
			knownRegions = (
				en,
				Base,
			);
			mainGroup = 0D65DB4A1BD6B80800BF6102;
			productRefGroup = 0D65DB541BD6B80800BF6102 /* Products */;
			projectDirPath = "";
			projectRoot = "";
			targets = (
				0D65DB521BD6B80800BF6102 /* Project_S */,
			);
		};
/* End PBXProject section */

/* Begin PBXResourcesBuildPhase section */
		0D65DB511BD6B80800BF6102 /* Resources */ = {
			isa = PBXResourcesBuildPhase;
			buildActionMask = 2147483647;
			files = (
				0D65DB731BD6CCCA00BF6102 /* mario3.png in Resources */,
				0D65DB641BD6B80800BF6102 /* LaunchScreen.storyboard in Resources */,
				0D65DB721BD6CCCA00BF6102 /* mario2.png in Resources */,
				0D65DB7A1BD6CDF000BF6102 /* red.png in Resources */,
				0D65DB781BD6CD7A00BF6102 /* green.png in Resources */,
				0D65DB771BD6CD7A00BF6102 /* blue.png in Resources */,
				0D65DB741BD6CCCA00BF6102 /* mario4.png in Resources */,
				0D65DB611BD6B80800BF6102 /* Assets.xcassets in Resources */,
				0D65DB6C1BD6C63700BF6102 /* mario1.png in Resources */,
				0D65DB5C1BD6B80800BF6102 /* Main.storyboard in Resources */,
			);
			runOnlyForDeploymentPostprocessing = 0;
		};
/* End PBXResourcesBuildPhase section */

/* Begin PBXSourcesBuildPhase section */
		0D65DB4F1BD6B80800BF6102 /* Sources */ = {
			isa = PBXSourcesBuildPhase;
			buildActionMask = 2147483647;
			files = (
				0D65DB5F1BD6B80800BF6102 /* Project_S.xcdatamodeld in Sources */,
				0D65DB591BD6B80800BF6102 /* ConfirmViewController.swift in Sources */,
				0D5996F71BD9801000A4F5FB /* BoySettingCollectionViewController.swift in Sources */,
				0D65DB7C1BD6CE6F00BF6102 /* LanguageSwitchViewController.swift in Sources */,
				0D3E48AC1BE2A26800809A4D /* mainViewControllerViewCell.swift in Sources */,
				0D5996F91BD9807000A4F5FB /* BoySettingCollectionViewCell.swift in Sources */,
				0D65DB7E1BD6D86600BF6102 /* SettingsViewController.swift in Sources */,
				0D65DBA71BD8181D00BF6102 /* DataLoading.swift in Sources */,
				0D3E48A41BE01E6200809A4D /* ConfigParam.swift in Sources */,
				0D3E48801BDFD4E800809A4D /* FavoriteTableViewCell.swift in Sources */,
				0D65DBAB1BD9329700BF6102 /* DataFetching.swift in Sources */,
				0D3E48A61BE02B0600809A4D /* MainSettingTableViewController.swift in Sources */,
				0D5997011BDAC88E00A4F5FB /* VoiceControl.swift in Sources */,
				0D65DB821BD6EB9100BF6102 /* FavouriteViewController.swift in Sources */,
				0D65DB571BD6B80800BF6102 /* AppDelegate.swift in Sources */,
				0D65DB801BD6DDEF00BF6102 /* mainViewController.swift in Sources */,
			);
			runOnlyForDeploymentPostprocessing = 0;
		};
/* End PBXSourcesBuildPhase section */

/* Begin PBXVariantGroup section */
		0D65DB5A1BD6B80800BF6102 /* Main.storyboard */ = {
			isa = PBXVariantGroup;
			children = (
				0D65DB5B1BD6B80800BF6102 /* Base */,
			);
			name = Main.storyboard;
			sourceTree = "<group>";
		};
		0D65DB621BD6B80800BF6102 /* LaunchScreen.storyboard */ = {
			isa = PBXVariantGroup;
			children = (
				0D65DB631BD6B80800BF6102 /* Base */,
			);
			name = LaunchScreen.storyboard;
			sourceTree = "<group>";
		};
/* End PBXVariantGroup section */

/* Begin XCBuildConfiguration section */
		0D65DB661BD6B80800BF6102 /* Debug */ = {
			isa = XCBuildConfiguration;
			buildSettings = {
				ALWAYS_SEARCH_USER_PATHS = NO;
				CLANG_CXX_LANGUAGE_STANDARD = "gnu++0x";
				CLANG_CXX_LIBRARY = "libc++";
				CLANG_ENABLE_MODULES = YES;
				CLANG_ENABLE_OBJC_ARC = YES;
				CLANG_WARN_BOOL_CONVERSION = YES;
				CLANG_WARN_CONSTANT_CONVERSION = YES;
				CLANG_WARN_DIRECT_OBJC_ISA_USAGE = YES_ERROR;
				CLANG_WARN_EMPTY_BODY = YES;
				CLANG_WARN_ENUM_CONVERSION = YES;
				CLANG_WARN_INT_CONVERSION = YES;
				CLANG_WARN_OBJC_ROOT_CLASS = YES_ERROR;
				CLANG_WARN_UNREACHABLE_CODE = YES;
				CLANG_WARN__DUPLICATE_METHOD_MATCH = YES;
				"CODE_SIGN_IDENTITY[sdk=iphoneos*]" = "iPhone Developer";
				COPY_PHASE_STRIP = NO;
				DEBUG_INFORMATION_FORMAT = dwarf;
				ENABLE_STRICT_OBJC_MSGSEND = YES;
				ENABLE_TESTABILITY = YES;
				GCC_C_LANGUAGE_STANDARD = gnu99;
				GCC_DYNAMIC_NO_PIC = NO;
				GCC_NO_COMMON_BLOCKS = YES;
				GCC_OPTIMIZATION_LEVEL = 0;
				GCC_PREPROCESSOR_DEFINITIONS = (
					"DEBUG=1",
					"$(inherited)",
				);
				GCC_WARN_64_TO_32_BIT_CONVERSION = YES;
				GCC_WARN_ABOUT_RETURN_TYPE = YES_ERROR;
				GCC_WARN_UNDECLARED_SELECTOR = YES;
				GCC_WARN_UNINITIALIZED_AUTOS = YES_AGGRESSIVE;
				GCC_WARN_UNUSED_FUNCTION = YES;
				GCC_WARN_UNUSED_VARIABLE = YES;
				IPHONEOS_DEPLOYMENT_TARGET = 9.0;
				MTL_ENABLE_DEBUG_INFO = YES;
				ONLY_ACTIVE_ARCH = YES;
				SDKROOT = iphoneos;
				SWIFT_OPTIMIZATION_LEVEL = "-Onone";
			};
			name = Debug;
		};
		0D65DB671BD6B80800BF6102 /* Release */ = {
			isa = XCBuildConfiguration;
			buildSettings = {
				ALWAYS_SEARCH_USER_PATHS = NO;
				CLANG_CXX_LANGUAGE_STANDARD = "gnu++0x";
				CLANG_CXX_LIBRARY = "libc++";
				CLANG_ENABLE_MODULES = YES;
				CLANG_ENABLE_OBJC_ARC = YES;
				CLANG_WARN_BOOL_CONVERSION = YES;
				CLANG_WARN_CONSTANT_CONVERSION = YES;
				CLANG_WARN_DIRECT_OBJC_ISA_USAGE = YES_ERROR;
				CLANG_WARN_EMPTY_BODY = YES;
				CLANG_WARN_ENUM_CONVERSION = YES;
				CLANG_WARN_INT_CONVERSION = YES;
				CLANG_WARN_OBJC_ROOT_CLASS = YES_ERROR;
				CLANG_WARN_UNREACHABLE_CODE = YES;
				CLANG_WARN__DUPLICATE_METHOD_MATCH = YES;
				"CODE_SIGN_IDENTITY[sdk=iphoneos*]" = "iPhone Developer";
				COPY_PHASE_STRIP = NO;
				DEBUG_INFORMATION_FORMAT = "dwarf-with-dsym";
				ENABLE_NS_ASSERTIONS = NO;
				ENABLE_STRICT_OBJC_MSGSEND = YES;
				GCC_C_LANGUAGE_STANDARD = gnu99;
				GCC_NO_COMMON_BLOCKS = YES;
				GCC_WARN_64_TO_32_BIT_CONVERSION = YES;
				GCC_WARN_ABOUT_RETURN_TYPE = YES_ERROR;
				GCC_WARN_UNDECLARED_SELECTOR = YES;
				GCC_WARN_UNINITIALIZED_AUTOS = YES_AGGRESSIVE;
				GCC_WARN_UNUSED_FUNCTION = YES;
				GCC_WARN_UNUSED_VARIABLE = YES;
				IPHONEOS_DEPLOYMENT_TARGET = 9.0;
				MTL_ENABLE_DEBUG_INFO = NO;
				SDKROOT = iphoneos;
				VALIDATE_PRODUCT = YES;
			};
			name = Release;
		};
		0D65DB691BD6B80800BF6102 /* Debug */ = {
			isa = XCBuildConfiguration;
			buildSettings = {
				ASSETCATALOG_COMPILER_APPICON_NAME = AppIcon;
				INFOPLIST_FILE = Project_S/Info.plist;
				LD_RUNPATH_SEARCH_PATHS = "$(inherited) @executable_path/Frameworks";
				PRODUCT_BUNDLE_IDENTIFIER = "com.khan.Project-S";
				PRODUCT_NAME = "$(TARGET_NAME)";
			};
			name = Debug;
		};
		0D65DB6A1BD6B80800BF6102 /* Release */ = {
			isa = XCBuildConfiguration;
			buildSettings = {
				ASSETCATALOG_COMPILER_APPICON_NAME = AppIcon;
				INFOPLIST_FILE = Project_S/Info.plist;
				LD_RUNPATH_SEARCH_PATHS = "$(inherited) @executable_path/Frameworks";
				PRODUCT_BUNDLE_IDENTIFIER = "com.khan.Project-S";
				PRODUCT_NAME = "$(TARGET_NAME)";
			};
			name = Release;
		};
/* End XCBuildConfiguration section */

/* Begin XCConfigurationList section */
		0D65DB4E1BD6B80800BF6102 /* Build configuration list for PBXProject "Project_S" */ = {
			isa = XCConfigurationList;
			buildConfigurations = (
				0D65DB661BD6B80800BF6102 /* Debug */,
				0D65DB671BD6B80800BF6102 /* Release */,
			);
			defaultConfigurationIsVisible = 0;
			defaultConfigurationName = Release;
		};
		0D65DB681BD6B80800BF6102 /* Build configuration list for PBXNativeTarget "Project_S" */ = {
			isa = XCConfigurationList;
			buildConfigurations = (
				0D65DB691BD6B80800BF6102 /* Debug */,
				0D65DB6A1BD6B80800BF6102 /* Release */,
			);
			defaultConfigurationIsVisible = 0;
			defaultConfigurationName = Release;
		};
/* End XCConfigurationList section */

/* Begin XCVersionGroup section */
		0D65DB5D1BD6B80800BF6102 /* Project_S.xcdatamodeld */ = {
			isa = XCVersionGroup;
			children = (
				0D65DB5E1BD6B80800BF6102 /* Project_S.xcdatamodel */,
			);
			currentVersion = 0D65DB5E1BD6B80800BF6102 /* Project_S.xcdatamodel */;
			path = Project_S.xcdatamodeld;
			sourceTree = "<group>";
			versionGroupType = wrapper.xcdatamodel;
		};
/* End XCVersionGroup section */
	};
	rootObject = 0D65DB4B1BD6B80800BF6102 /* Project object */;
}
